
Microsoft Visual Studio Solution File, Format Version 12.00
# Visual Studio Version 16
VisualStudioVersion = 16.0.30225.117
MinimumVisualStudioVersion = 10.0.40219.1
Project("{FAE04EC0-301F-11D3-BF4B-00C04F79EFBC}") = "Roopak.PromotionEngineDemo.Tests", "Roopak.PromotionEngineDemo.Tests\Roopak.PromotionEngineDemo.Tests.csproj", "{055F80BB-5156-4810-8B14-9CBC1F47371C}"
EndProject
Global
	GlobalSection(SolutionConfigurationPlatforms) = preSolution
		Debug|Any CPU = Debug|Any CPU
		Release|Any CPU = Release|Any CPU
	EndGlobalSection
	GlobalSection(ProjectConfigurationPlatforms) = postSolution
		{055F80BB-5156-4810-8B14-9CBC1F47371C}.Debug|Any CPU.ActiveCfg = Debug|Any CPU
		{055F80BB-5156-4810-8B14-9CBC1F47371C}.Debug|Any CPU.Build.0 = Debug|Any CPU
		{055F80BB-5156-4810-8B14-9CBC1F47371C}.Release|Any CPU.ActiveCfg = Release|Any CPU
		{055F80BB-5156-4810-8B14-9CBC1F47371C}.Release|Any CPU.Build.0 = Release|Any CPU
	EndGlobalSection
	GlobalSection(SolutionProperties) = preSolution
		HideSolutionNode = FALSE
	EndGlobalSection
	GlobalSection(ExtensibilityGlobals) = postSolution
		SolutionGuid = {59A4BE8C-056E-4E56-BB5D-BB5A0A3B3D89}
	EndGlobalSection
EndGlobal
